
Microsoft Visual Studio Solution File, Format Version 12.00
# Visual Studio Version 17
VisualStudioVersion = 17.3.32901.215
MinimumVisualStudioVersion = 10.0.40219.1
Project("{8BC9CEB8-8B4A-11D0-8D11-00A0C91BC942}") = "tc", "tc.vcxproj", "{136C0FC9-83FB-4A0F-AE1A-1B1F0A7CAC86}"
EndProject
Project("{8BC9CEB8-8B4A-11D0-8D11-00A0C91BC942}") = "UnitTests", "..\UnitTests\UnitTests.vcxproj", "{2049C2BD-5FDA-47FE-8333-570DB9414B04}"
EndProject
Global
	GlobalSection(SolutionConfigurationPlatforms) = preSolution
		Debug|x64 = Debug|x64
		Debug|x86 = Debug|x86
		Release|x64 = Release|x64
		Release|x86 = Release|x86
	EndGlobalSection
	GlobalSection(ProjectConfigurationPlatforms) = postSolution
		{136C0FC9-83FB-4A0F-AE1A-1B1F0A7CAC86}.Debug|x64.ActiveCfg = Debug|x64
		{136C0FC9-83FB-4A0F-AE1A-1B1F0A7CAC86}.Debug|x64.Build.0 = Debug|x64
		{136C0FC9-83FB-4A0F-AE1A-1B1F0A7CAC86}.Debug|x86.ActiveCfg = Debug|Win32
		{136C0FC9-83FB-4A0F-AE1A-1B1F0A7CAC86}.Debug|x86.Build.0 = Debug|Win32
		{136C0FC9-83FB-4A0F-AE1A-1B1F0A7CAC86}.Release|x64.ActiveCfg = Release|x64
		{136C0FC9-83FB-4A0F-AE1A-1B1F0A7CAC86}.Release|x64.Build.0 = Release|x64
		{136C0FC9-83FB-4A0F-AE1A-1B1F0A7CAC86}.Release|x86.ActiveCfg = Release|Win32
		{136C0FC9-83FB-4A0F-AE1A-1B1F0A7CAC86}.Release|x86.Build.0 = Release|Win32
		{2049C2BD-5FDA-47FE-8333-570DB9414B04}.Debug|x64.ActiveCfg = Debug|x64
		{2049C2BD-5FDA-47FE-8333-570DB9414B04}.Debug|x64.Build.0 = Debug|x64
		{2049C2BD-5FDA-47FE-8333-570DB9414B04}.Debug|x86.ActiveCfg = Debug|Win32
		{2049C2BD-5FDA-47FE-8333-570DB9414B04}.Debug|x86.Build.0 = Debug|Win32
		{2049C2BD-5FDA-47FE-8333-570DB9414B04}.Release|x64.ActiveCfg = Release|x64
		{2049C2BD-5FDA-47FE-8333-570DB9414B04}.Release|x64.Build.0 = Release|x64
		{2049C2BD-5FDA-47FE-8333-570DB9414B04}.Release|x86.ActiveCfg = Release|Win32
		{2049C2BD-5FDA-47FE-8333-570DB9414B04}.Release|x86.Build.0 = Release|Win32
	EndGlobalSection
	GlobalSection(SolutionProperties) = preSolution
		HideSolutionNode = FALSE
	EndGlobalSection
	GlobalSection(ExtensibilityGlobals) = postSolution
		SolutionGuid = {429AC6C6-D0AA-43EE-9B14-CF53E4FA2F91}
	EndGlobalSection
EndGlobal
